<?xml version="1.0" encoding="utf-8"?>
<Project ToolsVersion="4.0" xmlns="http://schemas.microsoft.com/developer/msbuild/2003">
  <ItemGroup>
    <Filter Include="Resource Files">
      <UniqueIdentifier>{67DA6AB6-F800-4c08-8B7A-83BB121AAD01}</UniqueIdentifier>
      <Extensions>rc;ico;cur;bmp;dlg;rc2;rct;bin;rgs;gif;jpg;jpeg;jpe;resx;tiff;tif;png;wav;mfcribbon-ms</Extensions>
    </Filter>
    <Filter Include="DynamicProgramming">
      <UniqueIdentifier>{bae7bca3-7b7d-47e6-b825-4db53468f032}</UniqueIdentifier>
    </Filter>
    <Filter Include="StrategyDll">
      <UniqueIdentifier>{3a52e7e2-f035-4be5-809a-0dd97fa3d9f0}</UniqueIdentifier>
    </Filter>
    <Filter Include="AStar">
      <UniqueIdentifier>{e54bffbd-7787-43d7-9094-a9435857598c}</UniqueIdentifier>
    </Filter>
  </ItemGroup>
  <ItemGroup>
    <ClCompile Include="StrategyDll.cpp">
      <Filter>StrategyDll</Filter>
    </ClCompile>
    <ClCompile Include="CMap.cpp">
      <Filter>StrategyDll</Filter>
    </ClCompile>
    <ClCompile Include="CPlayerState.cpp">
      <Filter>StrategyDll</Filter>
    </ClCompile>
    <ClCompile Include="DynamicProgramming\CDynamicProgrammingStrategy.cpp">
      <Filter>DynamicProgramming</Filter>
    </ClCompile>
    <ClCompile Include="DynamicProgramming\CStateArray.cpp">
      <Filter>DynamicProgramming</Filter>
    </ClCompile>
  </ItemGroup>
  <ItemGroup>
    <ClInclude Include="IMap.h">
      <Filter>StrategyDll</Filter>
    </ClInclude>
    <ClInclude Include="IPlayerState.h">
      <Filter>StrategyDll</Filter>
    </ClInclude>
    <ClInclude Include="StrategyDll.h">
      <Filter>StrategyDll</Filter>
    </ClInclude>
    <ClInclude Include="CMap.hpp">
      <Filter>StrategyDll</Filter>
    </ClInclude>
    <ClInclude Include="CPlayerState.hpp">
      <Filter>StrategyDll</Filter>
    </ClInclude>
    <ClInclude Include="DynamicProgramming\CDynamicProgrammingStrategy.h">
      <Filter>DynamicProgramming</Filter>
    </ClInclude>
    <ClInclude Include="DynamicProgramming\CStateArray.h">
      <Filter>DynamicProgramming</Filter>
    </ClInclude>
    <ClInclude Include="DynamicProgramming\EMoveDirection.h">
      <Filter>DynamicProgramming</Filter>
    </ClInclude>
  </ItemGroup>
</Project>