<?xml version="1.0" encoding="utf-8"?>
<Project ToolsVersion="4.0" xmlns="http://schemas.microsoft.com/developer/msbuild/2003">
  <ItemGroup>
    <Filter Include="Файлы исходного кода">
      <UniqueIdentifier>{4FC737F1-C7A5-4376-A066-2A32D752A2FF}</UniqueIdentifier>
      <Extensions>cpp;c;cc;cxx;def;odl;idl;hpj;bat;asm;asmx</Extensions>
    </Filter>
    <Filter Include="Заголовочные файлы">
      <UniqueIdentifier>{93995380-89BD-4b04-88EB-625FBE52EBFB}</UniqueIdentifier>
      <Extensions>h;hh;hpp;hxx;hm;inl;inc;xsd</Extensions>
    </Filter>
    <Filter Include="Файлы ресурсов">
      <UniqueIdentifier>{67DA6AB6-F800-4c08-8B7A-83BB121AAD01}</UniqueIdentifier>
      <Extensions>rc;ico;cur;bmp;dlg;rc2;rct;bin;rgs;gif;jpg;jpeg;jpe;resx;tiff;tif;png;wav;mfcribbon-ms</Extensions>
    </Filter>
    <Filter Include="AStar">
      <UniqueIdentifier>{1373183e-6b93-43d3-8032-93170a68fa6d}</UniqueIdentifier>
    </Filter>
    <Filter Include="AStar\Заголовочные файлы">
      <UniqueIdentifier>{8252ef06-32fe-4209-a773-c9da0752f3a0}</UniqueIdentifier>
    </Filter>
    <Filter Include="AStar\Файлы исходного кода">
      <UniqueIdentifier>{353b22b8-ccac-433e-8b3d-6210140637b4}</UniqueIdentifier>
    </Filter>
    <Filter Include="DynamicProgramming">
      <UniqueIdentifier>{b1ded872-2dcc-4987-b157-6e0eb9607472}</UniqueIdentifier>
    </Filter>
    <Filter Include="DynamicProgramming\Файлы исходного кода">
      <UniqueIdentifier>{6dbd646f-489d-4116-833b-b0b65eeff947}</UniqueIdentifier>
    </Filter>
    <Filter Include="DynamicProgramming\Заголовочные файлы">
      <UniqueIdentifier>{7f37447b-ba1f-4cc6-b8e1-1cdf8eaaec48}</UniqueIdentifier>
    </Filter>
  </ItemGroup>
  <ItemGroup>
    <ClCompile Include="main.cpp">
      <Filter>Файлы исходного кода</Filter>
    </ClCompile>
    <ClCompile Include="StrategyDll.cpp">
      <Filter>Файлы исходного кода</Filter>
    </ClCompile>
    <ClCompile Include="CDynamicProgrammingStrategy.cpp">
      <Filter>DynamicProgramming\Файлы исходного кода</Filter>
    </ClCompile>
    <ClCompile Include="CStateArray.cpp">
      <Filter>DynamicProgramming\Файлы исходного кода</Filter>
    </ClCompile>
    <ClCompile Include="CAStarStrategyOnYAGSBPL.cpp">
      <Filter>AStar\Файлы исходного кода</Filter>
    </ClCompile>
    <ClCompile Include="CPlayerState.cpp">
      <Filter>Файлы исходного кода</Filter>
    </ClCompile>
    <ClCompile Include="CMap.cpp">
      <Filter>Файлы исходного кода</Filter>
    </ClCompile>
  </ItemGroup>
  <ItemGroup>
    <ClInclude Include="StrategyDll.h">
      <Filter>Заголовочные файлы</Filter>
    </ClInclude>
    <ClInclude Include="IPlayerState.h">
      <Filter>Заголовочные файлы</Filter>
    </ClInclude>
    <ClInclude Include="IMap.h">
      <Filter>Заголовочные файлы</Filter>
    </ClInclude>
    <ClInclude Include="CDynamicProgrammingStrategy.h">
      <Filter>DynamicProgramming\Заголовочные файлы</Filter>
    </ClInclude>
    <ClInclude Include="CStateArray.h">
      <Filter>DynamicProgramming\Заголовочные файлы</Filter>
    </ClInclude>
    <ClInclude Include="CStrategy.h">
      <Filter>DynamicProgramming\Заголовочные файлы</Filter>
    </ClInclude>
    <ClInclude Include="EMoveDirection.h">
      <Filter>DynamicProgramming\Заголовочные файлы</Filter>
    </ClInclude>
    <ClInclude Include="planners\A_star.h">
      <Filter>AStar\Заголовочные файлы</Filter>
    </ClInclude>
    <ClInclude Include="CAStarStrategyOnYAGSBPL.hpp">
      <Filter>AStar\Заголовочные файлы</Filter>
    </ClInclude>
    <ClInclude Include="yagsbpl_base.h">
      <Filter>AStar\Заголовочные файлы</Filter>
    </ClInclude>
    <ClInclude Include="SNode.hpp">
      <Filter>AStar\Заголовочные файлы</Filter>
    </ClInclude>
    <ClInclude Include="CMap.hpp">
      <Filter>Заголовочные файлы</Filter>
    </ClInclude>
    <ClInclude Include="CPlayerState.hpp">
      <Filter>Заголовочные файлы</Filter>
    </ClInclude>
  </ItemGroup>
</Project>